// !$*UTF8*$!
{
	archiveVersion = 1;
	classes = {
	};
	objectVersion = 50;
	objects = {

/* Begin PBXBuildFile section */
		ABE1B9AC215D2BC00049B11E /* Assets.xcassets in Resources */ = {isa = PBXBuildFile; fileRef = ABE1B9AB215D2BC00049B11E /* Assets.xcassets */; };
		ABE1B9AF215D2BC00049B11E /* LaunchScreen.storyboard in Resources */ = {isa = PBXBuildFile; fileRef = ABE1B9AD215D2BC00049B11E /* LaunchScreen.storyboard */; };
		ABE1B9B2215D2BC00049B11E /* main.m in Sources */ = {isa = PBXBuildFile; fileRef = ABE1B9B1215D2BC00049B11E /* main.m */; };
		ABE1B9C7215D2C9D0049B11E /* CoolViewCell.m in Sources */ = {isa = PBXBuildFile; fileRef = ABE1B9C1215D2C9C0049B11E /* CoolViewCell.m */; };
		ABE1B9C8215D2C9D0049B11E /* CoolViewController.m in Sources */ = {isa = PBXBuildFile; fileRef = ABE1B9C3215D2C9C0049B11E /* CoolViewController.m */; };
		ABE1B9C9215D2C9D0049B11E /* AppDelegate.m in Sources */ = {isa = PBXBuildFile; fileRef = ABE1B9C4215D2C9C0049B11E /* AppDelegate.m */; };
		ABE1B9CB215D2D1A0049B11E /* CoolStuff.xib in Resources */ = {isa = PBXBuildFile; fileRef = ABE1B9CA215D2D1A0049B11E /* CoolStuff.xib */; };
		ABE1B9CE215D6B9D0049B11E /* UIView+Additions.m in Sources */ = {isa = PBXBuildFile; fileRef = ABE1B9CD215D6B9D0049B11E /* UIView+Additions.m */; };
/* End PBXBuildFile section */

/* Begin PBXFileReference section */
		ABE1B99F215D2BBE0049B11E /* Coolness2.app */ = {isa = PBXFileReference; explicitFileType = wrapper.application; includeInIndex = 0; path = Coolness2.app; sourceTree = BUILT_PRODUCTS_DIR; };
		ABE1B9AB215D2BC00049B11E /* Assets.xcassets */ = {isa = PBXFileReference; lastKnownFileType = folder.assetcatalog; path = Assets.xcassets; sourceTree = "<group>"; };
		ABE1B9AE215D2BC00049B11E /* Base */ = {isa = PBXFileReference; lastKnownFileType = file.storyboard; name = Base; path = Base.lproj/LaunchScreen.storyboard; sourceTree = "<group>"; };
		ABE1B9B0215D2BC00049B11E /* Info.plist */ = {isa = PBXFileReference; lastKnownFileType = text.plist.xml; path = Info.plist; sourceTree = "<group>"; };
		ABE1B9B1215D2BC00049B11E /* main.m */ = {isa = PBXFileReference; lastKnownFileType = sourcecode.c.objc; path = main.m; sourceTree = "<group>"; };
		ABE1B9C1215D2C9C0049B11E /* CoolViewCell.m */ = {isa = PBXFileReference; fileEncoding = 4; lastKnownFileType = sourcecode.c.objc; path = CoolViewCell.m; sourceTree = "<group>"; };
		ABE1B9C2215D2C9C0049B11E /* CoolViewCell.h */ = {isa = PBXFileReference; fileEncoding = 4; lastKnownFileType = sourcecode.c.h; path = CoolViewCell.h; sourceTree = "<group>"; };
		ABE1B9C3215D2C9C0049B11E /* CoolViewController.m */ = {isa = PBXFileReference; fileEncoding = 4; lastKnownFileType = sourcecode.c.objc; path = CoolViewController.m; sourceTree = "<group>"; };
		ABE1B9C4215D2C9C0049B11E /* AppDelegate.m */ = {isa = PBXFileReference; fileEncoding = 4; lastKnownFileType = sourcecode.c.objc; path = AppDelegate.m; sourceTree = "<group>"; };
		ABE1B9C5215D2C9D0049B11E /* AppDelegate.h */ = {isa = PBXFileReference; fileEncoding = 4; lastKnownFileType = sourcecode.c.h; path = AppDelegate.h; sourceTree = "<group>"; };
		ABE1B9C6215D2C9D0049B11E /* CoolViewController.h */ = {isa = PBXFileReference; fileEncoding = 4; lastKnownFileType = sourcecode.c.h; path = CoolViewController.h; sourceTree = "<group>"; };
		ABE1B9CA215D2D1A0049B11E /* CoolStuff.xib */ = {isa = PBXFileReference; lastKnownFileType = file.xib; path = CoolStuff.xib; sourceTree = "<group>"; };
		ABE1B9CC215D6B9D0049B11E /* UIView+Additions.h */ = {isa = PBXFileReference; lastKnownFileType = sourcecode.c.h; path = "UIView+Additions.h"; sourceTree = "<group>"; };
		ABE1B9CD215D6B9D0049B11E /* UIView+Additions.m */ = {isa = PBXFileReference; lastKnownFileType = sourcecode.c.objc; path = "UIView+Additions.m"; sourceTree = "<group>"; };
/* End PBXFileReference section */

/* Begin PBXFrameworksBuildPhase section */
		ABE1B99C215D2BBE0049B11E /* Frameworks */ = {
			isa = PBXFrameworksBuildPhase;
			buildActionMask = 2147483647;
			files = (
			);
			runOnlyForDeploymentPostprocessing = 0;
		};
/* End PBXFrameworksBuildPhase section */

/* Begin PBXGroup section */
		ABE1B996215D2BBE0049B11E = {
			isa = PBXGroup;
			children = (
				ABE1B9A1215D2BBE0049B11E /* Coolness2 */,
				ABE1B9A0215D2BBE0049B11E /* Products */,
			);
			sourceTree = "<group>";
		};
		ABE1B9A0215D2BBE0049B11E /* Products */ = {
			isa = PBXGroup;
			children = (
				ABE1B99F215D2BBE0049B11E /* Coolness2.app */,
			);
			name = Products;
			sourceTree = "<group>";
		};
		ABE1B9A1215D2BBE0049B11E /* Coolness2 */ = {
			isa = PBXGroup;
			children = (
				ABE1B9C5215D2C9D0049B11E /* AppDelegate.h */,
				ABE1B9C4215D2C9C0049B11E /* AppDelegate.m */,
				ABE1B9C2215D2C9C0049B11E /* CoolViewCell.h */,
				ABE1B9C1215D2C9C0049B11E /* CoolViewCell.m */,
				ABE1B9C6215D2C9D0049B11E /* CoolViewController.h */,
				ABE1B9C3215D2C9C0049B11E /* CoolViewController.m */,
				ABE1B9CC215D6B9D0049B11E /* UIView+Additions.h */,
				ABE1B9CD215D6B9D0049B11E /* UIView+Additions.m */,
				ABE1B9CA215D2D1A0049B11E /* CoolStuff.xib */,
				ABE1B9AB215D2BC00049B11E /* Assets.xcassets */,
				ABE1B9AD215D2BC00049B11E /* LaunchScreen.storyboard */,
				ABE1B9B0215D2BC00049B11E /* Info.plist */,
				ABE1B9B1215D2BC00049B11E /* main.m */,
			);
			path = Coolness2;
			sourceTree = "<group>";
		};
/* End PBXGroup section */

/* Begin PBXNativeTarget section */
		ABE1B99E215D2BBE0049B11E /* Coolness2 */ = {
			isa = PBXNativeTarget;
			buildConfigurationList = ABE1B9B5215D2BC00049B11E /* Build configuration list for PBXNativeTarget "Coolness2" */;
			buildPhases = (
				ABE1B99B215D2BBE0049B11E /* Sources */,
				ABE1B99C215D2BBE0049B11E /* Frameworks */,
				ABE1B99D215D2BBE0049B11E /* Resources */,
			);
			buildRules = (
			);
			dependencies = (
			);
			name = Coolness2;
			productName = Coolness2;
			productReference = ABE1B99F215D2BBE0049B11E /* Coolness2.app */;
			productType = "com.apple.product-type.application";
		};
/* End PBXNativeTarget section */

/* Begin PBXProject section */
		ABE1B997215D2BBE0049B11E /* Project object */ = {
			isa = PBXProject;
			attributes = {
				LastUpgradeCheck = 1000;
				ORGANIZATIONNAME = "About Objects";
				TargetAttributes = {
					ABE1B99E215D2BBE0049B11E = {
						CreatedOnToolsVersion = 10.0;
					};
				};
			};
			buildConfigurationList = ABE1B99A215D2BBE0049B11E /* Build configuration list for PBXProject "Coolness2" */;
			compatibilityVersion = "Xcode 9.3";
			developmentRegion = en;
			hasScannedForEncodings = 0;
			knownRegions = (
				en,
				Base,
			);
			mainGroup = ABE1B996215D2BBE0049B11E;
			productRefGroup = ABE1B9A0215D2BBE0049B11E /* Products */;
			projectDirPath = "";
			projectRoot = "";
			targets = (
				ABE1B99E215D2BBE0049B11E /* Coolness2 */,
			);
		};
/* End PBXProject section */

/* Begin PBXResourcesBuildPhase section */
		ABE1B99D215D2BBE0049B11E /* Resources */ = {
			isa = PBXResourcesBuildPhase;
			buildActionMask = 2147483647;
			files = (
				ABE1B9AF215D2BC00049B11E /* LaunchScreen.storyboard in Resources */,
				ABE1B9CB215D2D1A0049B11E /* CoolStuff.xib in Resources */,
				ABE1B9AC215D2BC00049B11E /* Assets.xcassets in Resources */,
			);
			runOnlyForDeploymentPostprocessing = 0;
		};
/* End PBXResourcesBuildPhase section */

/* Begin PBXSourcesBuildPhase section */
		ABE1B99B215D2BBE0049B11E /* Sources */ = {
			isa = PBXSourcesBuildPhase;
			buildActionMask = 2147483647;
			files = (
				ABE1B9C9215D2C9D0049B11E /* AppDelegate.m in Sources */,
				ABE1B9C8215D2C9D0049B11E /* CoolViewController.m in Sources */,
				ABE1B9B2215D2BC00049B11E /* main.m in Sources */,
				ABE1B9CE215D6B9D0049B11E /* UIView+Additions.m in Sources */,
				ABE1B9C7215D2C9D0049B11E /* CoolViewCell.m in Sources */,
			);
			runOnlyForDeploymentPostprocessing = 0;
		};
/* End PBXSourcesBuildPhase section */

/* Begin PBXVariantGroup section */
		ABE1B9AD215D2BC00049B11E /* LaunchScreen.storyboard */ = {
			isa = PBXVariantGroup;
			children = (
				ABE1B9AE215D2BC00049B11E /* Base */,
			);
			name = LaunchScreen.storyboard;
			sourceTree = "<group>";
		};
/* End PBXVariantGroup section */

/* Begin XCBuildConfiguration section */
		ABE1B9B3215D2BC00049B11E /* Debug */ = {
			isa = XCBuildConfiguration;
			buildSettings = {
				ALWAYS_SEARCH_USER_PATHS = NO;
				CLANG_ANALYZER_NONNULL = YES;
				CLANG_ANALYZER_NUMBER_OBJECT_CONVERSION = YES_AGGRESSIVE;
				CLANG_CXX_LANGUAGE_STANDARD = "gnu++14";
				CLANG_CXX_LIBRARY = "libc++";
				CLANG_ENABLE_MODULES = YES;
				CLANG_ENABLE_OBJC_ARC = YES;
				CLANG_ENABLE_OBJC_WEAK = YES;
				CLANG_WARN_BLOCK_CAPTURE_AUTORELEASING = YES;
				CLANG_WARN_BOOL_CONVERSION = YES;
				CLANG_WARN_COMMA = YES;
				CLANG_WARN_CONSTANT_CONVERSION = YES;
				CLANG_WARN_DEPRECATED_OBJC_IMPLEMENTATIONS = YES;
				CLANG_WARN_DIRECT_OBJC_ISA_USAGE = YES_ERROR;
				CLANG_WARN_DOCUMENTATION_COMMENTS = YES;
				CLANG_WARN_EMPTY_BODY = YES;
				CLANG_WARN_ENUM_CONVERSION = YES;
				CLANG_WARN_INFINITE_RECURSION = YES;
				CLANG_WARN_INT_CONVERSION = YES;
				CLANG_WARN_NON_LITERAL_NULL_CONVERSION = YES;
				CLANG_WARN_OBJC_IMPLICIT_RETAIN_SELF = YES;
				CLANG_WARN_OBJC_LITERAL_CONVERSION = YES;
				CLANG_WARN_OBJC_ROOT_CLASS = YES_ERROR;
				CLANG_WARN_RANGE_LOOP_ANALYSIS = YES;
				CLANG_WARN_STRICT_PROTOTYPES = YES;
				CLANG_WARN_SUSPICIOUS_MOVE = YES;
				CLANG_WARN_UNGUARDED_AVAILABILITY = YES_AGGRESSIVE;
				CLANG_WARN_UNREACHABLE_CODE = YES;
				CLANG_WARN__DUPLICATE_METHOD_MATCH = YES;
				CODE_SIGN_IDENTITY = "iPhone Developer";
				COPY_PHASE_STRIP = NO;
				DEBUG_INFORMATION_FORMAT = dwarf;
				ENABLE_STRICT_OBJC_MSGSEND = YES;
				ENABLE_TESTABILITY = YES;
				GCC_C_LANGUAGE_STANDARD = gnu11;
				GCC_DYNAMIC_NO_PIC = NO;
				GCC_NO_COMMON_BLOCKS = YES;
				GCC_OPTIMIZATION_LEVEL = 0;
				GCC_PREPROCESSOR_DEFINITIONS = (
					"DEBUG=1",
					"$(inherited)",
				);
				GCC_WARN_64_TO_32_BIT_CONVERSION = YES;
				GCC_WARN_ABOUT_RETURN_TYPE = YES_ERROR;
				GCC_WARN_UNDECLARED_SELECTOR = YES;
				GCC_WARN_UNINITIALIZED_AUTOS = YES_AGGRESSIVE;
				GCC_WARN_UNUSED_FUNCTION = YES;
				GCC_WARN_UNUSED_VARIABLE = YES;
				IPHONEOS_DEPLOYMENT_TARGET = 12.0;
				MTL_ENABLE_DEBUG_INFO = INCLUDE_SOURCE;
				MTL_FAST_MATH = YES;
				ONLY_ACTIVE_ARCH = YES;
				SDKROOT = iphoneos;
			};
			name = Debug;
		};
		ABE1B9B4215D2BC00049B11E /* Release */ = {
			isa = XCBuildConfiguration;
			buildSettings = {
				ALWAYS_SEARCH_USER_PATHS = NO;
				CLANG_ANALYZER_NONNULL = YES;
				CLANG_ANALYZER_NUMBER_OBJECT_CONVERSION = YES_AGGRESSIVE;
				CLANG_CXX_LANGUAGE_STANDARD = "gnu++14";
				CLANG_CXX_LIBRARY = "libc++";
				CLANG_ENABLE_MODULES = YES;
				CLANG_ENABLE_OBJC_ARC = YES;
				CLANG_ENABLE_OBJC_WEAK = YES;
				CLANG_WARN_BLOCK_CAPTURE_AUTORELEASING = YES;
				CLANG_WARN_BOOL_CONVERSION = YES;
				CLANG_WARN_COMMA = YES;
				CLANG_WARN_CONSTANT_CONVERSION = YES;
				CLANG_WARN_DEPRECATED_OBJC_IMPLEMENTATIONS = YES;
				CLANG_WARN_DIRECT_OBJC_ISA_USAGE = YES_ERROR;
				CLANG_WARN_DOCUMENTATION_COMMENTS = YES;
				CLANG_WARN_EMPTY_BODY = YES;
				CLANG_WARN_ENUM_CONVERSION = YES;
				CLANG_WARN_INFINITE_RECURSION = YES;
				CLANG_WARN_INT_CONVERSION = YES;
				CLANG_WARN_NON_LITERAL_NULL_CONVERSION = YES;
				CLANG_WARN_OBJC_IMPLICIT_RETAIN_SELF = YES;
				CLANG_WARN_OBJC_LITERAL_CONVERSION = YES;
				CLANG_WARN_OBJC_ROOT_CLASS = YES_ERROR;
				CLANG_WARN_RANGE_LOOP_ANALYSIS = YES;
				CLANG_WARN_STRICT_PROTOTYPES = YES;
				CLANG_WARN_SUSPICIOUS_MOVE = YES;
				CLANG_WARN_UNGUARDED_AVAILABILITY = YES_AGGRESSIVE;
				CLANG_WARN_UNREACHABLE_CODE = YES;
				CLANG_WARN__DUPLICATE_METHOD_MATCH = YES;
				CODE_SIGN_IDENTITY = "iPhone Developer";
				COPY_PHASE_STRIP = NO;
				DEBUG_INFORMATION_FORMAT = "dwarf-with-dsym";
				ENABLE_NS_ASSERTIONS = NO;
				ENABLE_STRICT_OBJC_MSGSEND = YES;
				GCC_C_LANGUAGE_STANDARD = gnu11;
				GCC_NO_COMMON_BLOCKS = YES;
				GCC_WARN_64_TO_32_BIT_CONVERSION = YES;
				GCC_WARN_ABOUT_RETURN_TYPE = YES_ERROR;
				GCC_WARN_UNDECLARED_SELECTOR = YES;
				GCC_WARN_UNINITIALIZED_AUTOS = YES_AGGRESSIVE;
				GCC_WARN_UNUSED_FUNCTION = YES;
				GCC_WARN_UNUSED_VARIABLE = YES;
				IPHONEOS_DEPLOYMENT_TARGET = 12.0;
				MTL_ENABLE_DEBUG_INFO = NO;
				MTL_FAST_MATH = YES;
				SDKROOT = iphoneos;
				VALIDATE_PRODUCT = YES;
			};
			name = Release;
		};
		ABE1B9B6215D2BC00049B11E /* Debug */ = {
			isa = XCBuildConfiguration;
			buildSettings = {
				ASSETCATALOG_COMPILER_APPICON_NAME = AppIcon;
				CODE_SIGN_STYLE = Automatic;
				DEVELOPMENT_TEAM = 7J7LD9SB6Q;
				INFOPLIST_FILE = Coolness2/Info.plist;
				LD_RUNPATH_SEARCH_PATHS = (
					"$(inherited)",
					"@executable_path/Frameworks",
				);
				PRODUCT_BUNDLE_IDENTIFIER = com.aboutobjects.Coolness2;
				PRODUCT_NAME = "$(TARGET_NAME)";
				TARGETED_DEVICE_FAMILY = "1,2";
			};
			name = Debug;
		};
		ABE1B9B7215D2BC00049B11E /* Release */ = {
			isa = XCBuildConfiguration;
			buildSettings = {
				ASSETCATALOG_COMPILER_APPICON_NAME = AppIcon;
				CODE_SIGN_STYLE = Automatic;
				DEVELOPMENT_TEAM = 7J7LD9SB6Q;
				INFOPLIST_FILE = Coolness2/Info.plist;
				LD_RUNPATH_SEARCH_PATHS = (
					"$(inherited)",
					"@executable_path/Frameworks",
				);
				PRODUCT_BUNDLE_IDENTIFIER = com.aboutobjects.Coolness2;
				PRODUCT_NAME = "$(TARGET_NAME)";
				TARGETED_DEVICE_FAMILY = "1,2";
			};
			name = Release;
		};
/* End XCBuildConfiguration section */

/* Begin XCConfigurationList section */
		ABE1B99A215D2BBE0049B11E /* Build configuration list for PBXProject "Coolness2" */ = {
			isa = XCConfigurationList;
			buildConfigurations = (
				ABE1B9B3215D2BC00049B11E /* Debug */,
				ABE1B9B4215D2BC00049B11E /* Release */,
			);
			defaultConfigurationIsVisible = 0;
			defaultConfigurationName = Release;
		};
		ABE1B9B5215D2BC00049B11E /* Build configuration list for PBXNativeTarget "Coolness2" */ = {
			isa = XCConfigurationList;
			buildConfigurations = (
				ABE1B9B6215D2BC00049B11E /* Debug */,
				ABE1B9B7215D2BC00049B11E /* Release */,
			);
			defaultConfigurationIsVisible = 0;
			defaultConfigurationName = Release;
		};
/* End XCConfigurationList section */
	};
	rootObject = ABE1B997215D2BBE0049B11E /* Project object */;
}
